// !$*UTF8*$!
{
	archiveVersion = 1;
	classes = {
	};
	objectVersion = 46;
	objects = {

/* Begin PBXBuildFile section */
		58540C6D1530A4C700677F53 /* CocoaPOMO.framework in Frameworks */ = {isa = PBXBuildFile; fileRef = 58540C6C1530A4C600677F53 /* CocoaPOMO.framework */; };
		5887CAE013410B89005CA69C /* Foundation.framework in Frameworks */ = {isa = PBXBuildFile; fileRef = 5887CADF13410B89005CA69C /* Foundation.framework */; };
		5887CAE313410B89005CA69C /* main.m in Sources */ = {isa = PBXBuildFile; fileRef = 5887CAE213410B89005CA69C /* main.m */; };
/* End PBXBuildFile section */

/* Begin PBXCopyFilesBuildPhase section */
		5887CAD913410B89005CA69C /* CopyFiles */ = {
			isa = PBXCopyFilesBuildPhase;
			buildActionMask = 8;
			dstPath = usr/share/man/man1;
			dstSubfolderSpec = 12;
			files = (
			);
			runOnlyForDeploymentPostprocessing = 1;
		};
/* End PBXCopyFilesBuildPhase section */

/* Begin PBXFileReference section */
		58540AF715307E9D00677F53 /* README.md */ = {isa = PBXFileReference; fileEncoding = 4; lastKnownFileType = text; path = README.md; sourceTree = "<group>"; };
		58540AF9153087EE00677F53 /* textdomain-ru_RU.mo */ = {isa = PBXFileReference; lastKnownFileType = file; path = "textdomain-ru_RU.mo"; sourceTree = SOURCE_ROOT; };
		58540AFA153087EE00677F53 /* textdomain-ru_RU.po */ = {isa = PBXFileReference; fileEncoding = 4; lastKnownFileType = text; path = "textdomain-ru_RU.po"; sourceTree = SOURCE_ROOT; };
		58540C6C1530A4C600677F53 /* CocoaPOMO.framework */ = {isa = PBXFileReference; lastKnownFileType = wrapper.framework; name = CocoaPOMO.framework; path = "/tmp/xcode-build/cocoa-pomo-guktahbddsxhthbwmuhbrrfwgmpj/Build/Products/Debug/CocoaPOMO.framework"; sourceTree = "<absolute>"; };
		5887CADB13410B89005CA69C /* pomo */ = {isa = PBXFileReference; explicitFileType = "compiled.mach-o.executable"; includeInIndex = 0; path = pomo; sourceTree = BUILT_PRODUCTS_DIR; };
		5887CADF13410B89005CA69C /* Foundation.framework */ = {isa = PBXFileReference; lastKnownFileType = wrapper.framework; name = Foundation.framework; path = System/Library/Frameworks/Foundation.framework; sourceTree = SDKROOT; };
		5887CAE213410B89005CA69C /* main.m */ = {isa = PBXFileReference; lastKnownFileType = sourcecode.c.objc; path = main.m; sourceTree = "<group>"; };
		5887CAE513410B89005CA69C /* pomo-Prefix.pch */ = {isa = PBXFileReference; lastKnownFileType = sourcecode.c.h; path = "pomo-Prefix.pch"; sourceTree = "<group>"; };
		5887CAE613410B89005CA69C /* pomo.1 */ = {isa = PBXFileReference; lastKnownFileType = text.man; path = pomo.1; sourceTree = "<group>"; };
/* End PBXFileReference section */

/* Begin PBXFrameworksBuildPhase section */
		5887CAD813410B89005CA69C /* Frameworks */ = {
			isa = PBXFrameworksBuildPhase;
			buildActionMask = 2147483647;
			files = (
				58540C6D1530A4C700677F53 /* CocoaPOMO.framework in Frameworks */,
				5887CAE013410B89005CA69C /* Foundation.framework in Frameworks */,
			);
			runOnlyForDeploymentPostprocessing = 0;
		};
/* End PBXFrameworksBuildPhase section */

/* Begin PBXGroup section */
		58540AF8153087DF00677F53 /* translations */ = {
			isa = PBXGroup;
			children = (
				58540AF9153087EE00677F53 /* textdomain-ru_RU.mo */,
				58540AFA153087EE00677F53 /* textdomain-ru_RU.po */,
			);
			name = translations;
			sourceTree = "<group>";
		};
		5887CAD013410B88005CA69C = {
			isa = PBXGroup;
			children = (
				5887CAE113410B89005CA69C /* TestApp */,
				5887CAE413410B89005CA69C /* Supporting Files */,
				5887CADE13410B89005CA69C /* Frameworks */,
				5887CADC13410B89005CA69C /* Products */,
			);
			sourceTree = "<group>";
		};
		5887CADC13410B89005CA69C /* Products */ = {
			isa = PBXGroup;
			children = (
				5887CADB13410B89005CA69C /* pomo */,
			);
			name = Products;
			sourceTree = "<group>";
		};
		5887CADE13410B89005CA69C /* Frameworks */ = {
			isa = PBXGroup;
			children = (
				58540C6C1530A4C600677F53 /* CocoaPOMO.framework */,
				5887CADF13410B89005CA69C /* Foundation.framework */,
			);
			name = Frameworks;
			sourceTree = "<group>";
		};
		5887CAE113410B89005CA69C /* TestApp */ = {
			isa = PBXGroup;
			children = (
				5887CAE213410B89005CA69C /* main.m */,
				5887CAE613410B89005CA69C /* pomo.1 */,
				58540AF715307E9D00677F53 /* README.md */,
			);
			name = TestApp;
			path = pomo;
			sourceTree = "<group>";
		};
		5887CAE413410B89005CA69C /* Supporting Files */ = {
			isa = PBXGroup;
			children = (
				58540AF8153087DF00677F53 /* translations */,
				5887CAE513410B89005CA69C /* pomo-Prefix.pch */,
			);
			name = "Supporting Files";
			path = pomo;
			sourceTree = "<group>";
		};
/* End PBXGroup section */

/* Begin PBXNativeTarget section */
		5887CADA13410B89005CA69C /* pomo */ = {
			isa = PBXNativeTarget;
			buildConfigurationList = 5887CAE913410B89005CA69C /* Build configuration list for PBXNativeTarget "pomo" */;
			buildPhases = (
				5887CAD713410B89005CA69C /* Sources */,
				5887CAD813410B89005CA69C /* Frameworks */,
				5887CAD913410B89005CA69C /* CopyFiles */,
			);
			buildRules = (
			);
			dependencies = (
			);
			name = pomo;
			productName = pomo;
			productReference = 5887CADB13410B89005CA69C /* pomo */;
			productType = "com.apple.product-type.tool";
		};
/* End PBXNativeTarget section */

/* Begin PBXProject section */
		5887CAD213410B88005CA69C /* Project object */ = {
			isa = PBXProject;
			attributes = {
				LastUpgradeCheck = 0430;
			};
			buildConfigurationList = 5887CAD513410B88005CA69C /* Build configuration list for PBXProject "pomo" */;
			compatibilityVersion = "Xcode 3.2";
			developmentRegion = English;
			hasScannedForEncodings = 0;
			knownRegions = (
				en,
			);
			mainGroup = 5887CAD013410B88005CA69C;
			productRefGroup = 5887CADC13410B89005CA69C /* Products */;
			projectDirPath = "";
			projectRoot = "";
			targets = (
				5887CADA13410B89005CA69C /* pomo */,
			);
		};
/* End PBXProject section */

/* Begin PBXSourcesBuildPhase section */
		5887CAD713410B89005CA69C /* Sources */ = {
			isa = PBXSourcesBuildPhase;
			buildActionMask = 2147483647;
			files = (
				5887CAE313410B89005CA69C /* main.m in Sources */,
			);
			runOnlyForDeploymentPostprocessing = 0;
		};
/* End PBXSourcesBuildPhase section */

/* Begin XCBuildConfiguration section */
		5887CAE713410B89005CA69C /* Debug */ = {
			isa = XCBuildConfiguration;
			buildSettings = {
				ARCHS = "$(ARCHS_STANDARD_32_64_BIT)";
				GCC_C_LANGUAGE_STANDARD = gnu99;
				GCC_OPTIMIZATION_LEVEL = 0;
				GCC_PREPROCESSOR_DEFINITIONS = DEBUG;
				GCC_SYMBOLS_PRIVATE_EXTERN = NO;
				GCC_VERSION = com.apple.compilers.llvm.clang.1_0;
				GCC_WARN_64_TO_32_BIT_CONVERSION = YES;
				GCC_WARN_ABOUT_RETURN_TYPE = YES;
				GCC_WARN_UNUSED_VARIABLE = YES;
				MACOSX_DEPLOYMENT_TARGET = 10.6;
				ONLY_ACTIVE_ARCH = YES;
				SDKROOT = macosx;
				USER_HEADER_SEARCH_PATHS = "$(BUILT_PRODUCTS_DIR)/**";
			};
			name = Debug;
		};
		5887CAE813410B89005CA69C /* Release */ = {
			isa = XCBuildConfiguration;
			buildSettings = {
				ARCHS = "$(ARCHS_STANDARD_32_64_BIT)";
				GCC_C_LANGUAGE_STANDARD = gnu99;
				GCC_VERSION = com.apple.compilers.llvm.clang.1_0;
				GCC_WARN_64_TO_32_BIT_CONVERSION = YES;
				GCC_WARN_ABOUT_RETURN_TYPE = YES;
				GCC_WARN_UNUSED_VARIABLE = YES;
				MACOSX_DEPLOYMENT_TARGET = 10.6;
				SDKROOT = macosx;
				USER_HEADER_SEARCH_PATHS = "$(BUILT_PRODUCTS_DIR)/**";
			};
			name = Release;
		};
		5887CAEA13410B89005CA69C /* Debug */ = {
			isa = XCBuildConfiguration;
			buildSettings = {
				ALWAYS_SEARCH_USER_PATHS = YES;
				COPY_PHASE_STRIP = NO;
				FRAMEWORK_SEARCH_PATHS = (
					"$(inherited)",
					"\"/tmp/xcode-build/cocoa-pomo-guktahbddsxhthbwmuhbrrfwgmpj/Build/Products/Debug\"",
				);
				GCC_DYNAMIC_NO_PIC = NO;
				GCC_ENABLE_OBJC_EXCEPTIONS = YES;
				GCC_PRECOMPILE_PREFIX_HEADER = YES;
				GCC_PREFIX_HEADER = "pomo/pomo-Prefix.pch";
				HEADER_SEARCH_PATHS = "muparser-iphone/include";
				LIBRARY_SEARCH_PATHS = (
					"$(inherited)",
					"\"/tmp/xcode-build/cocoa-pomo-guktahbddsxhthbwmuhbrrfwgmpj/Build/Products/Debug\"",
				);
				PRODUCT_NAME = "$(TARGET_NAME)";
				USER_HEADER_SEARCH_PATHS = "";
				"USER_HEADER_SEARCH_PATHS[arch=*]" = "$(SRCROOT)/CocoaPOMO";
			};
			name = Debug;
		};
		5887CAEB13410B89005CA69C /* Release */ = {
			isa = XCBuildConfiguration;
			buildSettings = {
				ALWAYS_SEARCH_USER_PATHS = YES;
				COPY_PHASE_STRIP = YES;
				DEBUG_INFORMATION_FORMAT = "dwarf-with-dsym";
				FRAMEWORK_SEARCH_PATHS = (
					"$(inherited)",
					"\"/tmp/xcode-build/cocoa-pomo-guktahbddsxhthbwmuhbrrfwgmpj/Build/Products/Debug\"",
				);
				GCC_ENABLE_OBJC_EXCEPTIONS = YES;
				GCC_PRECOMPILE_PREFIX_HEADER = YES;
				GCC_PREFIX_HEADER = "pomo/pomo-Prefix.pch";
				HEADER_SEARCH_PATHS = "muparser-iphone/include";
				LIBRARY_SEARCH_PATHS = (
					"$(inherited)",
					"\"/tmp/xcode-build/cocoa-pomo-guktahbddsxhthbwmuhbrrfwgmpj/Build/Products/Debug\"",
				);
				PRODUCT_NAME = "$(TARGET_NAME)";
				USER_HEADER_SEARCH_PATHS = "";
				"USER_HEADER_SEARCH_PATHS[arch=*]" = "$(SRCROOT)/CocoaPOMO";
			};
			name = Release;
		};
/* End XCBuildConfiguration section */

/* Begin XCConfigurationList section */
		5887CAD513410B88005CA69C /* Build configuration list for PBXProject "pomo" */ = {
			isa = XCConfigurationList;
			buildConfigurations = (
				5887CAE713410B89005CA69C /* Debug */,
				5887CAE813410B89005CA69C /* Release */,
			);
			defaultConfigurationIsVisible = 0;
			defaultConfigurationName = Release;
		};
		5887CAE913410B89005CA69C /* Build configuration list for PBXNativeTarget "pomo" */ = {
			isa = XCConfigurationList;
			buildConfigurations = (
				5887CAEA13410B89005CA69C /* Debug */,
				5887CAEB13410B89005CA69C /* Release */,
			);
			defaultConfigurationIsVisible = 0;
			defaultConfigurationName = Release;
		};
/* End XCConfigurationList section */
	};
	rootObject = 5887CAD213410B88005CA69C /* Project object */;
}
