// !$*UTF8*$!
{
	archiveVersion = 1;
	classes = {
	};
	objectVersion = 46;
	objects = {

/* Begin PBXBuildFile section */
		58540AF6153063A200677F53 /* GettextHelpers.m in Sources */ = {isa = PBXBuildFile; fileRef = 58540AF5153063A100677F53 /* GettextHelpers.m */; };
		587DA48713411D49001D60FA /* GettextTranslations.mm in Sources */ = {isa = PBXBuildFile; fileRef = 587DA48613411D49001D60FA /* GettextTranslations.mm */; };
		5887CAE013410B89005CA69C /* Foundation.framework in Frameworks */ = {isa = PBXBuildFile; fileRef = 5887CADF13410B89005CA69C /* Foundation.framework */; };
		5887CAE313410B89005CA69C /* main.m in Sources */ = {isa = PBXBuildFile; fileRef = 5887CAE213410B89005CA69C /* main.m */; };
		5887CAEE13410C0A005CA69C /* Translations.m in Sources */ = {isa = PBXBuildFile; fileRef = 5887CAED13410C0A005CA69C /* Translations.m */; };
		5887CAF113410F17005CA69C /* TranslationEntry.m in Sources */ = {isa = PBXBuildFile; fileRef = 5887CAF013410F17005CA69C /* TranslationEntry.m */; };
		58B02481135C7491006F3917 /* TranslationCenter.m in Sources */ = {isa = PBXBuildFile; fileRef = 58B02480135C7491006F3917 /* TranslationCenter.m */; };
		58B02485135C793F006F3917 /* NOOPTranslations.m in Sources */ = {isa = PBXBuildFile; fileRef = 58B02484135C793F006F3917 /* NOOPTranslations.m */; };
		58CD85D6148A2A0700ED8EBC /* RegexKitLite.m in Sources */ = {isa = PBXBuildFile; fileRef = 58CD85CF148A2A0700ED8EBC /* RegexKitLite.m */; };
		58CD85DB148A2BA800ED8EBC /* libicucore.A.dylib in Frameworks */ = {isa = PBXBuildFile; fileRef = 58CD85DA148A2BA800ED8EBC /* libicucore.A.dylib */; };
		58CD86AA148A4A2400ED8EBC /* libmuparser-iphone.a in Frameworks */ = {isa = PBXBuildFile; fileRef = 58CD86A9148A4A2400ED8EBC /* libmuparser-iphone.a */; };
		58CD86AD148B92FF00ED8EBC /* MOParser.m in Sources */ = {isa = PBXBuildFile; fileRef = 58CD86AC148B92FE00ED8EBC /* MOParser.m */; };
		58CD86AF148BC6B000ED8EBC /* POParser.m in Sources */ = {isa = PBXBuildFile; fileRef = 58CD86AE148BC6AF00ED8EBC /* POParser.m */; };
/* End PBXBuildFile section */

/* Begin PBXCopyFilesBuildPhase section */
		5887CAD913410B89005CA69C /* CopyFiles */ = {
			isa = PBXCopyFilesBuildPhase;
			buildActionMask = 2147483647;
			dstPath = /usr/share/man/man1/;
			dstSubfolderSpec = 0;
			files = (
			);
			runOnlyForDeploymentPostprocessing = 1;
		};
/* End PBXCopyFilesBuildPhase section */

/* Begin PBXFileReference section */
		58540AF315305F3E00677F53 /* ParserProtocol.h */ = {isa = PBXFileReference; lastKnownFileType = sourcecode.c.h; path = ParserProtocol.h; sourceTree = "<group>"; };
		58540AF4153063A100677F53 /* GettextHelpers.h */ = {isa = PBXFileReference; fileEncoding = 4; lastKnownFileType = sourcecode.c.h; path = GettextHelpers.h; sourceTree = "<group>"; };
		58540AF5153063A100677F53 /* GettextHelpers.m */ = {isa = PBXFileReference; fileEncoding = 4; lastKnownFileType = sourcecode.c.objc; path = GettextHelpers.m; sourceTree = "<group>"; };
		587DA48513411D49001D60FA /* GettextTranslations.h */ = {isa = PBXFileReference; fileEncoding = 4; lastKnownFileType = sourcecode.c.h; path = GettextTranslations.h; sourceTree = "<group>"; };
		587DA48613411D49001D60FA /* GettextTranslations.mm */ = {isa = PBXFileReference; fileEncoding = 4; lastKnownFileType = sourcecode.cpp.objcpp; path = GettextTranslations.mm; sourceTree = "<group>"; };
		587DA48913411EC8001D60FA /* POParser.h */ = {isa = PBXFileReference; fileEncoding = 4; lastKnownFileType = sourcecode.c.h; path = POParser.h; sourceTree = "<group>"; };
		5887CADB13410B89005CA69C /* pomo */ = {isa = PBXFileReference; explicitFileType = "compiled.mach-o.executable"; includeInIndex = 0; path = pomo; sourceTree = BUILT_PRODUCTS_DIR; };
		5887CADF13410B89005CA69C /* Foundation.framework */ = {isa = PBXFileReference; lastKnownFileType = wrapper.framework; name = Foundation.framework; path = System/Library/Frameworks/Foundation.framework; sourceTree = SDKROOT; };
		5887CAE213410B89005CA69C /* main.m */ = {isa = PBXFileReference; lastKnownFileType = sourcecode.c.objc; path = main.m; sourceTree = "<group>"; };
		5887CAE513410B89005CA69C /* pomo-Prefix.pch */ = {isa = PBXFileReference; lastKnownFileType = sourcecode.c.h; path = "pomo-Prefix.pch"; sourceTree = "<group>"; };
		5887CAE613410B89005CA69C /* pomo.1 */ = {isa = PBXFileReference; lastKnownFileType = text.man; path = pomo.1; sourceTree = "<group>"; };
		5887CAEC13410C0A005CA69C /* Translations.h */ = {isa = PBXFileReference; fileEncoding = 4; lastKnownFileType = sourcecode.c.h; path = Translations.h; sourceTree = "<group>"; };
		5887CAED13410C0A005CA69C /* Translations.m */ = {isa = PBXFileReference; fileEncoding = 4; lastKnownFileType = sourcecode.c.objc; path = Translations.m; sourceTree = "<group>"; };
		5887CAEF13410F17005CA69C /* TranslationEntry.h */ = {isa = PBXFileReference; fileEncoding = 4; lastKnownFileType = sourcecode.c.h; path = TranslationEntry.h; sourceTree = "<group>"; };
		5887CAF013410F17005CA69C /* TranslationEntry.m */ = {isa = PBXFileReference; fileEncoding = 4; lastKnownFileType = sourcecode.c.objc; path = TranslationEntry.m; sourceTree = "<group>"; };
		58B0247F135C7491006F3917 /* TranslationCenter.h */ = {isa = PBXFileReference; fileEncoding = 4; lastKnownFileType = sourcecode.c.h; path = TranslationCenter.h; sourceTree = "<group>"; };
		58B02480135C7491006F3917 /* TranslationCenter.m */ = {isa = PBXFileReference; fileEncoding = 4; lastKnownFileType = sourcecode.c.objc; path = TranslationCenter.m; sourceTree = "<group>"; };
		58B02482135C777D006F3917 /* TranslationsProtocol.h */ = {isa = PBXFileReference; fileEncoding = 4; lastKnownFileType = sourcecode.c.h; path = TranslationsProtocol.h; sourceTree = "<group>"; };
		58B02483135C793F006F3917 /* NOOPTranslations.h */ = {isa = PBXFileReference; fileEncoding = 4; lastKnownFileType = sourcecode.c.h; path = NOOPTranslations.h; sourceTree = "<group>"; };
		58B02484135C793F006F3917 /* NOOPTranslations.m */ = {isa = PBXFileReference; fileEncoding = 4; lastKnownFileType = sourcecode.c.objc; path = NOOPTranslations.m; sourceTree = "<group>"; };
		58CD85CD148A2A0700ED8EBC /* RegexKitLite.h */ = {isa = PBXFileReference; fileEncoding = 4; lastKnownFileType = sourcecode.c.h; path = RegexKitLite.h; sourceTree = "<group>"; };
		58CD85CF148A2A0700ED8EBC /* RegexKitLite.m */ = {isa = PBXFileReference; fileEncoding = 4; lastKnownFileType = sourcecode.c.objc; path = RegexKitLite.m; sourceTree = "<group>"; };
		58CD85DA148A2BA800ED8EBC /* libicucore.A.dylib */ = {isa = PBXFileReference; lastKnownFileType = "compiled.mach-o.dylib"; name = libicucore.A.dylib; path = usr/lib/libicucore.A.dylib; sourceTree = SDKROOT; };
		58CD86A9148A4A2400ED8EBC /* libmuparser-iphone.a */ = {isa = PBXFileReference; lastKnownFileType = archive.ar; name = "libmuparser-iphone.a"; path = "/tmp/xcode-build/cocoa-pomo-guktahbddsxhthbwmuhbrrfwgmpj/Build/Products/Debug/libmuparser-iphone.a"; sourceTree = "<absolute>"; };
		58CD86AB148B92FE00ED8EBC /* MOParser.h */ = {isa = PBXFileReference; fileEncoding = 4; lastKnownFileType = sourcecode.c.h; path = MOParser.h; sourceTree = "<group>"; };
		58CD86AC148B92FE00ED8EBC /* MOParser.m */ = {isa = PBXFileReference; fileEncoding = 4; lastKnownFileType = sourcecode.c.objc; path = MOParser.m; sourceTree = "<group>"; };
		58CD86AE148BC6AF00ED8EBC /* POParser.m */ = {isa = PBXFileReference; fileEncoding = 4; lastKnownFileType = sourcecode.c.objc; path = POParser.m; sourceTree = "<group>"; };
/* End PBXFileReference section */

/* Begin PBXFrameworksBuildPhase section */
		5887CAD813410B89005CA69C /* Frameworks */ = {
			isa = PBXFrameworksBuildPhase;
			buildActionMask = 2147483647;
			files = (
				58CD86AA148A4A2400ED8EBC /* libmuparser-iphone.a in Frameworks */,
				58CD85DB148A2BA800ED8EBC /* libicucore.A.dylib in Frameworks */,
				5887CAE013410B89005CA69C /* Foundation.framework in Frameworks */,
			);
			runOnlyForDeploymentPostprocessing = 0;
		};
/* End PBXFrameworksBuildPhase section */

/* Begin PBXGroup section */
		5887CAD013410B88005CA69C = {
			isa = PBXGroup;
			children = (
				58CD85C2148A2A0700ED8EBC /* RegexKitLite */,
				5887CAE113410B89005CA69C /* pomo */,
				5887CAE413410B89005CA69C /* Supporting Files */,
				5887CADE13410B89005CA69C /* Frameworks */,
				5887CADC13410B89005CA69C /* Products */,
			);
			sourceTree = "<group>";
		};
		5887CADC13410B89005CA69C /* Products */ = {
			isa = PBXGroup;
			children = (
				5887CADB13410B89005CA69C /* pomo */,
			);
			name = Products;
			sourceTree = "<group>";
		};
		5887CADE13410B89005CA69C /* Frameworks */ = {
			isa = PBXGroup;
			children = (
				58CD86A9148A4A2400ED8EBC /* libmuparser-iphone.a */,
				58CD85DA148A2BA800ED8EBC /* libicucore.A.dylib */,
				5887CADF13410B89005CA69C /* Foundation.framework */,
			);
			name = Frameworks;
			sourceTree = "<group>";
		};
		5887CAE113410B89005CA69C /* pomo */ = {
			isa = PBXGroup;
			children = (
				5887CAE213410B89005CA69C /* main.m */,
				5887CAE613410B89005CA69C /* pomo.1 */,
				5887CAEC13410C0A005CA69C /* Translations.h */,
				5887CAED13410C0A005CA69C /* Translations.m */,
				587DA48513411D49001D60FA /* GettextTranslations.h */,
				587DA48613411D49001D60FA /* GettextTranslations.mm */,
				5887CAEF13410F17005CA69C /* TranslationEntry.h */,
				5887CAF013410F17005CA69C /* TranslationEntry.m */,
				587DA48913411EC8001D60FA /* POParser.h */,
				58CD86AE148BC6AF00ED8EBC /* POParser.m */,
				58B0247F135C7491006F3917 /* TranslationCenter.h */,
				58B02480135C7491006F3917 /* TranslationCenter.m */,
				58B02482135C777D006F3917 /* TranslationsProtocol.h */,
				58B02483135C793F006F3917 /* NOOPTranslations.h */,
				58B02484135C793F006F3917 /* NOOPTranslations.m */,
				58CD86AB148B92FE00ED8EBC /* MOParser.h */,
				58CD86AC148B92FE00ED8EBC /* MOParser.m */,
				58540AF315305F3E00677F53 /* ParserProtocol.h */,
				58540AF4153063A100677F53 /* GettextHelpers.h */,
				58540AF5153063A100677F53 /* GettextHelpers.m */,
			);
			path = pomo;
			sourceTree = "<group>";
		};
		5887CAE413410B89005CA69C /* Supporting Files */ = {
			isa = PBXGroup;
			children = (
				5887CAE513410B89005CA69C /* pomo-Prefix.pch */,
			);
			name = "Supporting Files";
			path = pomo;
			sourceTree = "<group>";
		};
		58CD85C2148A2A0700ED8EBC /* RegexKitLite */ = {
			isa = PBXGroup;
			children = (
				58CD85CD148A2A0700ED8EBC /* RegexKitLite.h */,
				58CD85CF148A2A0700ED8EBC /* RegexKitLite.m */,
			);
			path = RegexKitLite;
			sourceTree = "<group>";
		};
/* End PBXGroup section */

/* Begin PBXNativeTarget section */
		5887CADA13410B89005CA69C /* pomo */ = {
			isa = PBXNativeTarget;
			buildConfigurationList = 5887CAE913410B89005CA69C /* Build configuration list for PBXNativeTarget "pomo" */;
			buildPhases = (
				5887CAD713410B89005CA69C /* Sources */,
				5887CAD813410B89005CA69C /* Frameworks */,
				5887CAD913410B89005CA69C /* CopyFiles */,
			);
			buildRules = (
			);
			dependencies = (
			);
			name = pomo;
			productName = pomo;
			productReference = 5887CADB13410B89005CA69C /* pomo */;
			productType = "com.apple.product-type.tool";
		};
/* End PBXNativeTarget section */

/* Begin PBXProject section */
		5887CAD213410B88005CA69C /* Project object */ = {
			isa = PBXProject;
			attributes = {
				LastUpgradeCheck = 0430;
			};
			buildConfigurationList = 5887CAD513410B88005CA69C /* Build configuration list for PBXProject "pomo" */;
			compatibilityVersion = "Xcode 3.2";
			developmentRegion = English;
			hasScannedForEncodings = 0;
			knownRegions = (
				en,
			);
			mainGroup = 5887CAD013410B88005CA69C;
			productRefGroup = 5887CADC13410B89005CA69C /* Products */;
			projectDirPath = "";
			projectRoot = "";
			targets = (
				5887CADA13410B89005CA69C /* pomo */,
			);
		};
/* End PBXProject section */

/* Begin PBXSourcesBuildPhase section */
		5887CAD713410B89005CA69C /* Sources */ = {
			isa = PBXSourcesBuildPhase;
			buildActionMask = 2147483647;
			files = (
				5887CAE313410B89005CA69C /* main.m in Sources */,
				5887CAEE13410C0A005CA69C /* Translations.m in Sources */,
				5887CAF113410F17005CA69C /* TranslationEntry.m in Sources */,
				587DA48713411D49001D60FA /* GettextTranslations.mm in Sources */,
				58B02481135C7491006F3917 /* TranslationCenter.m in Sources */,
				58B02485135C793F006F3917 /* NOOPTranslations.m in Sources */,
				58CD85D6148A2A0700ED8EBC /* RegexKitLite.m in Sources */,
				58CD86AD148B92FF00ED8EBC /* MOParser.m in Sources */,
				58CD86AF148BC6B000ED8EBC /* POParser.m in Sources */,
				58540AF6153063A200677F53 /* GettextHelpers.m in Sources */,
			);
			runOnlyForDeploymentPostprocessing = 0;
		};
/* End PBXSourcesBuildPhase section */

/* Begin XCBuildConfiguration section */
		5887CAE713410B89005CA69C /* Debug */ = {
			isa = XCBuildConfiguration;
			buildSettings = {
				ARCHS = "$(ARCHS_STANDARD_32_64_BIT)";
				GCC_C_LANGUAGE_STANDARD = gnu99;
				GCC_OPTIMIZATION_LEVEL = 0;
				GCC_PREPROCESSOR_DEFINITIONS = DEBUG;
				GCC_SYMBOLS_PRIVATE_EXTERN = NO;
				GCC_VERSION = com.apple.compilers.llvm.clang.1_0;
				GCC_WARN_64_TO_32_BIT_CONVERSION = YES;
				GCC_WARN_ABOUT_RETURN_TYPE = YES;
				GCC_WARN_UNUSED_VARIABLE = YES;
				MACOSX_DEPLOYMENT_TARGET = 10.6;
				ONLY_ACTIVE_ARCH = YES;
				SDKROOT = macosx;
				USER_HEADER_SEARCH_PATHS = "$(BUILT_PRODUCTS_DIR)/**";
			};
			name = Debug;
		};
		5887CAE813410B89005CA69C /* Release */ = {
			isa = XCBuildConfiguration;
			buildSettings = {
				ARCHS = "$(ARCHS_STANDARD_32_64_BIT)";
				GCC_C_LANGUAGE_STANDARD = gnu99;
				GCC_VERSION = com.apple.compilers.llvm.clang.1_0;
				GCC_WARN_64_TO_32_BIT_CONVERSION = YES;
				GCC_WARN_ABOUT_RETURN_TYPE = YES;
				GCC_WARN_UNUSED_VARIABLE = YES;
				MACOSX_DEPLOYMENT_TARGET = 10.6;
				SDKROOT = macosx;
				USER_HEADER_SEARCH_PATHS = "$(BUILT_PRODUCTS_DIR)/**";
			};
			name = Release;
		};
		5887CAEA13410B89005CA69C /* Debug */ = {
			isa = XCBuildConfiguration;
			buildSettings = {
				ALWAYS_SEARCH_USER_PATHS = YES;
				COPY_PHASE_STRIP = NO;
				GCC_DYNAMIC_NO_PIC = NO;
				GCC_ENABLE_OBJC_EXCEPTIONS = YES;
				GCC_PRECOMPILE_PREFIX_HEADER = YES;
				GCC_PREFIX_HEADER = "pomo/pomo-Prefix.pch";
				HEADER_SEARCH_PATHS = "muparser-iphone/include";
				LIBRARY_SEARCH_PATHS = (
					"$(inherited)",
					"\"/tmp/xcode-build/cocoa-pomo-guktahbddsxhthbwmuhbrrfwgmpj/Build/Products/Debug\"",
				);
				PRODUCT_NAME = "$(TARGET_NAME)";
				USER_HEADER_SEARCH_PATHS = "./muparser-iphone/include/**";
				"USER_HEADER_SEARCH_PATHS[arch=*]" = "$(BUILT_PRODUCTS_DIR)/**";
			};
			name = Debug;
		};
		5887CAEB13410B89005CA69C /* Release */ = {
			isa = XCBuildConfiguration;
			buildSettings = {
				ALWAYS_SEARCH_USER_PATHS = YES;
				COPY_PHASE_STRIP = YES;
				DEBUG_INFORMATION_FORMAT = "dwarf-with-dsym";
				GCC_ENABLE_OBJC_EXCEPTIONS = YES;
				GCC_PRECOMPILE_PREFIX_HEADER = YES;
				GCC_PREFIX_HEADER = "pomo/pomo-Prefix.pch";
				HEADER_SEARCH_PATHS = "muparser-iphone/include";
				LIBRARY_SEARCH_PATHS = (
					"$(inherited)",
					"\"/tmp/xcode-build/cocoa-pomo-guktahbddsxhthbwmuhbrrfwgmpj/Build/Products/Debug\"",
				);
				PRODUCT_NAME = "$(TARGET_NAME)";
				USER_HEADER_SEARCH_PATHS = "./muparser-iphone/include/**";
				"USER_HEADER_SEARCH_PATHS[arch=*]" = "$(BUILT_PRODUCTS_DIR)/**";
			};
			name = Release;
		};
/* End XCBuildConfiguration section */

/* Begin XCConfigurationList section */
		5887CAD513410B88005CA69C /* Build configuration list for PBXProject "pomo" */ = {
			isa = XCConfigurationList;
			buildConfigurations = (
				5887CAE713410B89005CA69C /* Debug */,
				5887CAE813410B89005CA69C /* Release */,
			);
			defaultConfigurationIsVisible = 0;
			defaultConfigurationName = Release;
		};
		5887CAE913410B89005CA69C /* Build configuration list for PBXNativeTarget "pomo" */ = {
			isa = XCConfigurationList;
			buildConfigurations = (
				5887CAEA13410B89005CA69C /* Debug */,
				5887CAEB13410B89005CA69C /* Release */,
			);
			defaultConfigurationIsVisible = 0;
			defaultConfigurationName = Release;
		};
/* End XCConfigurationList section */
	};
	rootObject = 5887CAD213410B88005CA69C /* Project object */;
}
